
Microsoft Visual Studio Solution File, Format Version 12.00
# Visual Studio Version 17
VisualStudioVersion = 17.4.33122.133
MinimumVisualStudioVersion = 10.0.40219.1
Project("{FAE04EC0-301F-11D3-BF4B-00C04F79EFBC}") = "GameCaroByKiet", "GameCaroByKiet\GameCaroByKiet.csproj", "{E17BB985-0F88-4DB5-A3B3-CEFF734715A9}"
EndProject
Global
	GlobalSection(SolutionConfigurationPlatforms) = preSolution
		Debug|Any CPU = Debug|Any CPU
		Release|Any CPU = Release|Any CPU
	EndGlobalSection
	GlobalSection(ProjectConfigurationPlatforms) = postSolution
		{E17BB985-0F88-4DB5-A3B3-CEFF734715A9}.Debug|Any CPU.ActiveCfg = Debug|Any CPU
		{E17BB985-0F88-4DB5-A3B3-CEFF734715A9}.Debug|Any CPU.Build.0 = Debug|Any CPU
		{E17BB985-0F88-4DB5-A3B3-CEFF734715A9}.Release|Any CPU.ActiveCfg = Release|Any CPU
		{E17BB985-0F88-4DB5-A3B3-CEFF734715A9}.Release|Any CPU.Build.0 = Release|Any CPU
	EndGlobalSection
	GlobalSection(SolutionProperties) = preSolution
		HideSolutionNode = FALSE
	EndGlobalSection
	GlobalSection(ExtensibilityGlobals) = postSolution
		SolutionGuid = {A355119E-CB54-48B0-AA98-E1FFB1ECD75A}
	EndGlobalSection
EndGlobal
