
Microsoft Visual Studio Solution File, Format Version 12.00
# Visual Studio Version 17
VisualStudioVersion = 17.4.33103.184
MinimumVisualStudioVersion = 10.0.40219.1
Project("{FAE04EC0-301F-11D3-BF4B-00C04F79EFBC}") = "GameCaro", "GameCaro\GameCaro.csproj", "{BA27E21B-B963-49B5-8FE7-88E2AD0C421C}"
EndProject
Global
	GlobalSection(SolutionConfigurationPlatforms) = preSolution
		Debug|Any CPU = Debug|Any CPU
		Release|Any CPU = Release|Any CPU
	EndGlobalSection
	GlobalSection(ProjectConfigurationPlatforms) = postSolution
		{BA27E21B-B963-49B5-8FE7-88E2AD0C421C}.Debug|Any CPU.ActiveCfg = Debug|Any CPU
		{BA27E21B-B963-49B5-8FE7-88E2AD0C421C}.Debug|Any CPU.Build.0 = Debug|Any CPU
		{BA27E21B-B963-49B5-8FE7-88E2AD0C421C}.Release|Any CPU.ActiveCfg = Release|Any CPU
		{BA27E21B-B963-49B5-8FE7-88E2AD0C421C}.Release|Any CPU.Build.0 = Release|Any CPU
	EndGlobalSection
	GlobalSection(SolutionProperties) = preSolution
		HideSolutionNode = FALSE
	EndGlobalSection
	GlobalSection(ExtensibilityGlobals) = postSolution
		SolutionGuid = {B468D80C-0DC4-421D-A26B-588F84A2AA1B}
	EndGlobalSection
EndGlobal
